version = 1
requires-python = ">=3.13, <4.0"

[[package]]
name = "asgiref"
version = "3.8.1"
source = { registry = "https://pypi.org/simple" }
sdist = { url = "https://files.pythonhosted.org/packages/29/38/b3395cc9ad1b56d2ddac9970bc8f4141312dbaec28bc7c218b0dfafd0f42/asgiref-3.8.1.tar.gz", hash = "sha256:c343bd80a0bec947a9860adb4c432ffa7db769836c64238fc34bdc3fec84d590", size = 35186 }
wheels = [
    { url = "https://files.pythonhosted.org/packages/39/e3/893e8757be2612e6c266d9bb58ad2e3651524b5b40cf56761e985a28b13e/asgiref-3.8.1-py3-none-any.whl", hash = "sha256:3e1e3ecc849832fe52ccf2cb6686b7a55f82bb1d6aee72a58826471390335e47", size = 23828 },
]

[[package]]
name = "attrs"
version = "23.2.0"
source = { registry = "https://pypi.org/simple" }
sdist = { url = "https://files.pythonhosted.org/packages/e3/fc/f800d51204003fa8ae392c4e8278f256206e7a919b708eef054f5f4b650d/attrs-23.2.0.tar.gz", hash = "sha256:935dc3b529c262f6cf76e50877d35a4bd3c1de194fd41f47a2b7ae8f19971f30", size = 780820 }
wheels = [
    { url = "https://files.pythonhosted.org/packages/e0/44/827b2a91a5816512fcaf3cc4ebc465ccd5d598c45cefa6703fcf4a79018f/attrs-23.2.0-py3-none-any.whl", hash = "sha256:99b87a485a5820b23b879f04c2305b44b951b502fd64be915879d77a7e8fc6f1", size = 60752 },
]

[[package]]
name = "black"
version = "24.10.0"
source = { registry = "https://pypi.org/simple" }
dependencies = [
    { name = "click" },
    { name = "mypy-extensions" },
    { name = "packaging" },
    { name = "pathspec" },
    { name = "platformdirs" },
]
sdist = { url = "https://files.pythonhosted.org/packages/d8/0d/cc2fb42b8c50d80143221515dd7e4766995bd07c56c9a3ed30baf080b6dc/black-24.10.0.tar.gz", hash = "sha256:846ea64c97afe3bc677b761787993be4991810ecc7a4a937816dd6bddedc4875", size = 645813 }
wheels = [
    { url = "https://files.pythonhosted.org/packages/d0/a0/a993f58d4ecfba035e61fca4e9f64a2ecae838fc9f33ab798c62173ed75c/black-24.10.0-cp313-cp313-macosx_10_13_x86_64.whl", hash = "sha256:1cbacacb19e922a1d75ef2b6ccaefcd6e93a2c05ede32f06a21386a04cedb981", size = 1643986 },
    { url = "https://files.pythonhosted.org/packages/37/d5/602d0ef5dfcace3fb4f79c436762f130abd9ee8d950fa2abdbf8bbc555e0/black-24.10.0-cp313-cp313-macosx_11_0_arm64.whl", hash = "sha256:1f93102e0c5bb3907451063e08b9876dbeac810e7da5a8bfb7aeb5a9ef89066b", size = 1448085 },
    { url = "https://files.pythonhosted.org/packages/47/6d/a3a239e938960df1a662b93d6230d4f3e9b4a22982d060fc38c42f45a56b/black-24.10.0-cp313-cp313-manylinux_2_17_x86_64.manylinux2014_x86_64.manylinux_2_28_x86_64.whl", hash = "sha256:ddacb691cdcdf77b96f549cf9591701d8db36b2f19519373d60d31746068dbf2", size = 1760928 },
    { url = "https://files.pythonhosted.org/packages/dd/cf/af018e13b0eddfb434df4d9cd1b2b7892bab119f7a20123e93f6910982e8/black-24.10.0-cp313-cp313-win_amd64.whl", hash = "sha256:680359d932801c76d2e9c9068d05c6b107f2584b2a5b88831c83962eb9984c1b", size = 1436875 },
    { url = "https://files.pythonhosted.org/packages/8d/a7/4b27c50537ebca8bec139b872861f9d2bf501c5ec51fcf897cb924d9e264/black-24.10.0-py3-none-any.whl", hash = "sha256:3bb2b7a1f7b685f85b11fed1ef10f8a9148bceb49853e47a294a3dd963c1dd7d", size = 206898 },
]

[[package]]
name = "click"
version = "8.2.1"
source = { registry = "https://pypi.org/simple" }
dependencies = [
    { name = "colorama", marker = "sys_platform == 'win32'" },
]
sdist = { url = "https://files.pythonhosted.org/packages/60/6c/8ca2efa64cf75a977a0d7fac081354553ebe483345c734fb6b6515d96bbc/click-8.2.1.tar.gz", hash = "sha256:27c491cc05d968d271d5a1db13e3b5a184636d9d930f148c50b038f0d0646202", size = 286342 }
wheels = [
    { url = "https://files.pythonhosted.org/packages/85/32/10bb5764d90a8eee674e9dc6f4db6a0ab47c8c4d0d83c27f7c39ac415a4d/click-8.2.1-py3-none-any.whl", hash = "sha256:61a3265b914e850b85317d0b3109c7f8cd35a670f963866005d6ef1d5175a12b", size = 102215 },
]

[[package]]
name = "colorama"
version = "0.4.6"
source = { registry = "https://pypi.org/simple" }
sdist = { url = "https://files.pythonhosted.org/packages/d8/53/6f443c9a4a8358a93a6792e2acffb9d9d5cb0a5cfd8802644b7b1c9a02e4/colorama-0.4.6.tar.gz", hash = "sha256:08695f5cb7ed6e0531a20572697297273c47b8cae5a63ffc6d6ed5c201be6e44", size = 27697 }
wheels = [
    { url = "https://files.pythonhosted.org/packages/d1/d6/3965ed04c63042e047cb6a3e6ed1a63a35087b6a609aa3a15ed8ac56c221/colorama-0.4.6-py2.py3-none-any.whl", hash = "sha256:4f1d9991f5acc0ca119f9d443620b77f9d6b33703e51011c16baf57afb285fc6", size = 25335 },
]

[[package]]
name = "django"
version = "5.2.1"
source = { registry = "https://pypi.org/simple" }
dependencies = [
    { name = "asgiref" },
    { name = "sqlparse" },
    { name = "tzdata", marker = "sys_platform == 'win32'" },
]
sdist = { url = "https://files.pythonhosted.org/packages/ac/10/0d546258772b8f31398e67c85e52c66ebc2b13a647193c3eef8ee433f1a8/django-5.2.1.tar.gz", hash = "sha256:57fe1f1b59462caed092c80b3dd324fd92161b620d59a9ba9181c34746c97284", size = 10818735 }
wheels = [
    { url = "https://files.pythonhosted.org/packages/90/92/7448697b5838b3a1c6e1d2d6a673e908d0398e84dc4f803a2ce11e7ffc0f/django-5.2.1-py3-none-any.whl", hash = "sha256:a9b680e84f9a0e71da83e399f1e922e1ab37b2173ced046b541c72e1589a5961", size = 8301833 },
]

[[package]]
name = "django-allauth"
version = "0.63.6"
source = { registry = "https://pypi.org/simple" }
dependencies = [
    { name = "django" },
]
sdist = { url = "https://files.pythonhosted.org/packages/a1/6f/3ccc016b901d7e5a1178e78671048f889d967091586cdce2cd9d590da407/django_allauth-0.63.6.tar.gz", hash = "sha256:f15f49defb09e0604dad5214e53a69a1f723cb03176bb115c8930bcd19b91749", size = 1082450 }

[[package]]
name = "environs"
version = "11.2.1"
source = { registry = "https://pypi.org/simple" }
dependencies = [
    { name = "marshmallow" },
    { name = "python-dotenv" },
]
sdist = { url = "https://files.pythonhosted.org/packages/77/08/2b7d9cacf2b27482c9218ee6762336aa47bdb9d07ee26a136d072a328297/environs-11.2.1.tar.gz", hash = "sha256:e068ae3174cef52ba4b95ead22e639056a02465f616e62323e04ae08e86a75a4", size = 27485 }
wheels = [
    { url = "https://files.pythonhosted.org/packages/1a/21/1e0d8de234e9d0c675ea8fd50f9e7ad66fae32c207bc982f1d14f7c0835b/environs-11.2.1-py3-none-any.whl", hash = "sha256:9d2080cf25807a26fc0d4301e2d7b62c64fbf547540f21e3a30cc02bc5fbe948", size = 12923 },
]

[[package]]
name = "iniconfig"
version = "2.1.0"
source = { registry = "https://pypi.org/simple" }
sdist = { url = "https://files.pythonhosted.org/packages/f2/97/ebf4da567aa6827c909642694d71c9fcf53e5b504f2d96afea02718862f3/iniconfig-2.1.0.tar.gz", hash = "sha256:3abbd2e30b36733fee78f9c7f7308f2d0050e88f0087fd25c2645f63c773e1c7", size = 4793 }
wheels = [
    { url = "https://files.pythonhosted.org/packages/2c/e1/e6716421ea10d38022b952c159d5161ca1193197fb744506875fbb87ea7b/iniconfig-2.1.0-py3-none-any.whl", hash = "sha256:9deba5723312380e77435581c6bf4935c94cbfab9b1ed33ef8d238ea168eb760", size = 6050 },
]

[[package]]
name = "isort"
version = "5.13.2"
source = { registry = "https://pypi.org/simple" }
sdist = { url = "https://files.pythonhosted.org/packages/87/f9/c1eb8635a24e87ade2efce21e3ce8cd6b8630bb685ddc9cdaca1349b2eb5/isort-5.13.2.tar.gz", hash = "sha256:48fdfcb9face5d58a4f6dde2e72a1fb8dcaf8ab26f95ab49fab84c2ddefb0109", size = 175303 }
wheels = [
    { url = "https://files.pythonhosted.org/packages/d1/b3/8def84f539e7d2289a02f0524b944b15d7c75dab7628bedf1c4f0992029c/isort-5.13.2-py3-none-any.whl", hash = "sha256:8ca5e72a8d85860d5a3fa69b8745237f2939afe12dbf656afbcb47fe72d947a6", size = 92310 },
]

[[package]]
name = "marshmallow"
version = "4.0.0"
source = { registry = "https://pypi.org/simple" }
sdist = { url = "https://files.pythonhosted.org/packages/1e/ff/26df5a9f5ac57ccf693a5854916ab47243039d2aa9e0fe5f5a0331e7b74b/marshmallow-4.0.0.tar.gz", hash = "sha256:3b6e80aac299a7935cfb97ed01d1854fb90b5079430969af92118ea1b12a8d55", size = 220507 }
wheels = [
    { url = "https://files.pythonhosted.org/packages/d6/26/6cc45d156f44dbe1d5696d9e54042e4dcaf7b946c0b86df6a97d29706f32/marshmallow-4.0.0-py3-none-any.whl", hash = "sha256:e7b0528337e9990fd64950f8a6b3a1baabed09ad17a0dfb844d701151f92d203", size = 48420 },
]

[[package]]
name = "mypy"
version = "1.16.0"
source = { registry = "https://pypi.org/simple" }
dependencies = [
    { name = "mypy-extensions" },
    { name = "pathspec" },
    { name = "typing-extensions" },
]
sdist = { url = "https://files.pythonhosted.org/packages/d4/38/13c2f1abae94d5ea0354e146b95a1be9b2137a0d506728e0da037c4276f6/mypy-1.16.0.tar.gz", hash = "sha256:84b94283f817e2aa6350a14b4a8fb2a35a53c286f97c9d30f53b63620e7af8ab", size = 3323139 }
wheels = [
    { url = "https://files.pythonhosted.org/packages/97/9c/ca03bdbefbaa03b264b9318a98950a9c683e06472226b55472f96ebbc53d/mypy-1.16.0-cp313-cp313-macosx_10_13_x86_64.whl", hash = "sha256:a9e056237c89f1587a3be1a3a70a06a698d25e2479b9a2f57325ddaaffc3567b", size = 11059753 },
    { url = "https://files.pythonhosted.org/packages/36/92/79a969b8302cfe316027c88f7dc6fee70129490a370b3f6eb11d777749d0/mypy-1.16.0-cp313-cp313-macosx_11_0_arm64.whl", hash = "sha256:0b07e107affb9ee6ce1f342c07f51552d126c32cd62955f59a7db94a51ad12c0", size = 10073338 },
    { url = "https://files.pythonhosted.org/packages/14/9b/a943f09319167da0552d5cd722104096a9c99270719b1afeea60d11610aa/mypy-1.16.0-cp313-cp313-manylinux_2_17_aarch64.manylinux2014_aarch64.manylinux_2_28_aarch64.whl", hash = "sha256:c6fb60cbd85dc65d4d63d37cb5c86f4e3a301ec605f606ae3a9173e5cf34997b", size = 11827764 },
    { url = "https://files.pythonhosted.org/packages/ec/64/ff75e71c65a0cb6ee737287c7913ea155845a556c64144c65b811afdb9c7/mypy-1.16.0-cp313-cp313-manylinux_2_17_x86_64.manylinux2014_x86_64.manylinux_2_28_x86_64.whl", hash = "sha256:a7e32297a437cc915599e0578fa6bc68ae6a8dc059c9e009c628e1c47f91495d", size = 12701356 },
    { url = "https://files.pythonhosted.org/packages/0a/ad/0e93c18987a1182c350f7a5fab70550852f9fabe30ecb63bfbe51b602074/mypy-1.16.0-cp313-cp313-musllinux_1_2_x86_64.whl", hash = "sha256:afe420c9380ccec31e744e8baff0d406c846683681025db3531b32db56962d52", size = 12900745 },
    { url = "https://files.pythonhosted.org/packages/28/5d/036c278d7a013e97e33f08c047fe5583ab4f1fc47c9a49f985f1cdd2a2d7/mypy-1.16.0-cp313-cp313-win_amd64.whl", hash = "sha256:55f9076c6ce55dd3f8cd0c6fff26a008ca8e5131b89d5ba6d86bd3f47e736eeb", size = 9572200 },
    { url = "https://files.pythonhosted.org/packages/99/a3/6ed10530dec8e0fdc890d81361260c9ef1f5e5c217ad8c9b21ecb2b8366b/mypy-1.16.0-py3-none-any.whl", hash = "sha256:29e1499864a3888bca5c1542f2d7232c6e586295183320caa95758fc84034031", size = 2265773 },
]

[[package]]
name = "mypy-extensions"
version = "1.1.0"
source = { registry = "https://pypi.org/simple" }
sdist = { url = "https://files.pythonhosted.org/packages/a2/6e/371856a3fb9d31ca8dac321cda606860fa4548858c0cc45d9d1d4ca2628b/mypy_extensions-1.1.0.tar.gz", hash = "sha256:52e68efc3284861e772bbcd66823fde5ae21fd2fdb51c62a211403730b916558", size = 6343 }
wheels = [
    { url = "https://files.pythonhosted.org/packages/79/7b/2c79738432f5c924bef5071f933bcc9efd0473bac3b4aa584a6f7c1c8df8/mypy_extensions-1.1.0-py3-none-any.whl", hash = "sha256:1be4cccdb0f2482337c4743e60421de3a356cd97508abadd57d47403e94f5505", size = 4963 },
]

[[package]]
name = "obsws-python"
version = "1.7.2"
source = { registry = "https://pypi.org/simple" }
dependencies = [
    { name = "websocket-client" },
]
sdist = { url = "https://files.pythonhosted.org/packages/de/aa/1a4e9db03c0eda9a2594c9aeccea5e93b5d2308f5273dd7217b346b523d4/obsws_python-1.7.2.tar.gz", hash = "sha256:b5cdaad30fbe1f6d4787b6530048b9882f070c3ee7830abb6dad4a47f84d7fa0", size = 29133 }
wheels = [
    { url = "https://files.pythonhosted.org/packages/7d/68/a5d63428b26221e0f6cb3968d93ffb951825ba0f82b23d356efedfa19fd5/obsws_python-1.7.2-py3-none-any.whl", hash = "sha256:acda31852ad9d7165de915b0603c13f6df527d3f61619970bf5fb562e300bc85", size = 30863 },
]

[[package]]
name = "overlay-manager"
version = "0.1.0"
source = { editable = "." }
dependencies = [
    { name = "attrs" },
    { name = "django" },
    { name = "django-allauth" },
    { name = "environs" },
    { name = "obsws-python" },
    { name = "psycopg2-binary" },
    { name = "python-dotenv" },
    { name = "pytz" },
]

[package.dev-dependencies]
dev = [
    { name = "black" },
    { name = "isort" },
    { name = "mypy" },
    { name = "pytest" },
]

[package.metadata]
requires-dist = [
    { name = "attrs", specifier = ">=23.2.0,<24.0.0" },
    { name = "django", specifier = ">=5.0.6,<6.0.0" },
    { name = "django-allauth", specifier = ">=0.63.1,<1.0.0" },
    { name = "environs", specifier = ">=11.0.0,<12.0.0" },
    { name = "obsws-python", specifier = ">=1.7.0,<2.0.0" },
    { name = "psycopg2-binary", specifier = ">=2.9.9,<3.0.0" },
    { name = "python-dotenv", specifier = ">=1.0.1,<2.0.0" },
    { name = "pytz", specifier = ">=2024.1,<2025.0" },
]

[package.metadata.requires-dev]
dev = [
    { name = "black", specifier = ">=24.4.2,<25.0.0" },
    { name = "isort", specifier = ">=5.13.2,<6.0.0" },
    { name = "mypy", specifier = ">=1.10.0,<2.0.0" },
    { name = "pytest", specifier = ">=8.2.0,<9.0.0" },
]

[[package]]
name = "packaging"
version = "25.0"
source = { registry = "https://pypi.org/simple" }
sdist = { url = "https://files.pythonhosted.org/packages/a1/d4/1fc4078c65507b51b96ca8f8c3ba19e6a61c8253c72794544580a7b6c24d/packaging-25.0.tar.gz", hash = "sha256:d443872c98d677bf60f6a1f2f8c1cb748e8fe762d2bf9d3148b5599295b0fc4f", size = 165727 }
wheels = [
    { url = "https://files.pythonhosted.org/packages/20/12/38679034af332785aac8774540895e234f4d07f7545804097de4b666afd8/packaging-25.0-py3-none-any.whl", hash = "sha256:29572ef2b1f17581046b3a2227d5c611fb25ec70ca1ba8554b24b0e69331a484", size = 66469 },
]

[[package]]
name = "pathspec"
version = "0.12.1"
source = { registry = "https://pypi.org/simple" }
sdist = { url = "https://files.pythonhosted.org/packages/ca/bc/f35b8446f4531a7cb215605d100cd88b7ac6f44ab3fc94870c120ab3adbf/pathspec-0.12.1.tar.gz", hash = "sha256:a482d51503a1ab33b1c67a6c3813a26953dbdc71c31dacaef9a838c4e29f5712", size = 51043 }
wheels = [
    { url = "https://files.pythonhosted.org/packages/cc/20/ff623b09d963f88bfde16306a54e12ee5ea43e9b597108672ff3a408aad6/pathspec-0.12.1-py3-none-any.whl", hash = "sha256:a0d503e138a4c123b27490a4f7beda6a01c6f288df0e4a8b79c7eb0dc7b4cc08", size = 31191 },
]

[[package]]
name = "platformdirs"
version = "4.3.8"
source = { registry = "https://pypi.org/simple" }
sdist = { url = "https://files.pythonhosted.org/packages/fe/8b/3c73abc9c759ecd3f1f7ceff6685840859e8070c4d947c93fae71f6a0bf2/platformdirs-4.3.8.tar.gz", hash = "sha256:3d512d96e16bcb959a814c9f348431070822a6496326a4be0911c40b5a74c2bc", size = 21362 }
wheels = [
    { url = "https://files.pythonhosted.org/packages/fe/39/979e8e21520d4e47a0bbe349e2713c0aac6f3d853d0e5b34d76206c439aa/platformdirs-4.3.8-py3-none-any.whl", hash = "sha256:ff7059bb7eb1179e2685604f4aaf157cfd9535242bd23742eadc3c13542139b4", size = 18567 },
]

[[package]]
name = "pluggy"
version = "1.6.0"
source = { registry = "https://pypi.org/simple" }
sdist = { url = "https://files.pythonhosted.org/packages/f9/e2/3e91f31a7d2b083fe6ef3fa267035b518369d9511ffab804f839851d2779/pluggy-1.6.0.tar.gz", hash = "sha256:7dcc130b76258d33b90f61b658791dede3486c3e6bfb003ee5c9bfb396dd22f3", size = 69412 }
wheels = [
    { url = "https://files.pythonhosted.org/packages/54/20/4d324d65cc6d9205fabedc306948156824eb9f0ee1633355a8f7ec5c66bf/pluggy-1.6.0-py3-none-any.whl", hash = "sha256:e920276dd6813095e9377c0bc5566d94c932c33b27a3e3945d8389c374dd4746", size = 20538 },
]

[[package]]
name = "psycopg2-binary"
version = "2.9.10"
source = { registry = "https://pypi.org/simple" }
sdist = { url = "https://files.pythonhosted.org/packages/cb/0e/bdc8274dc0585090b4e3432267d7be4dfbfd8971c0fa59167c711105a6bf/psycopg2-binary-2.9.10.tar.gz", hash = "sha256:4b3df0e6990aa98acda57d983942eff13d824135fe2250e6522edaa782a06de2", size = 385764 }
wheels = [
    { url = "https://files.pythonhosted.org/packages/3e/30/d41d3ba765609c0763505d565c4d12d8f3c79793f0d0f044ff5a28bf395b/psycopg2_binary-2.9.10-cp313-cp313-macosx_12_0_x86_64.whl", hash = "sha256:26540d4a9a4e2b096f1ff9cce51253d0504dca5a85872c7f7be23be5a53eb18d", size = 3044699 },
    { url = "https://files.pythonhosted.org/packages/35/44/257ddadec7ef04536ba71af6bc6a75ec05c5343004a7ec93006bee66c0bc/psycopg2_binary-2.9.10-cp313-cp313-macosx_14_0_arm64.whl", hash = "sha256:e217ce4d37667df0bc1c397fdcd8de5e81018ef305aed9415c3b093faaeb10fb", size = 3275245 },
    { url = "https://files.pythonhosted.org/packages/1b/11/48ea1cd11de67f9efd7262085588790a95d9dfcd9b8a687d46caf7305c1a/psycopg2_binary-2.9.10-cp313-cp313-manylinux_2_17_aarch64.manylinux2014_aarch64.whl", hash = "sha256:245159e7ab20a71d989da00f280ca57da7641fa2cdcf71749c193cea540a74f7", size = 2851631 },
    { url = "https://files.pythonhosted.org/packages/62/e0/62ce5ee650e6c86719d621a761fe4bc846ab9eff8c1f12b1ed5741bf1c9b/psycopg2_binary-2.9.10-cp313-cp313-manylinux_2_17_i686.manylinux2014_i686.whl", hash = "sha256:3c4ded1a24b20021ebe677b7b08ad10bf09aac197d6943bfe6fec70ac4e4690d", size = 3082140 },
    { url = "https://files.pythonhosted.org/packages/27/ce/63f946c098611f7be234c0dd7cb1ad68b0b5744d34f68062bb3c5aa510c8/psycopg2_binary-2.9.10-cp313-cp313-manylinux_2_17_ppc64le.manylinux2014_ppc64le.whl", hash = "sha256:3abb691ff9e57d4a93355f60d4f4c1dd2d68326c968e7db17ea96df3c023ef73", size = 3264762 },
    { url = "https://files.pythonhosted.org/packages/43/25/c603cd81402e69edf7daa59b1602bd41eb9859e2824b8c0855d748366ac9/psycopg2_binary-2.9.10-cp313-cp313-manylinux_2_17_x86_64.manylinux2014_x86_64.whl", hash = "sha256:8608c078134f0b3cbd9f89b34bd60a943b23fd33cc5f065e8d5f840061bd0673", size = 3020967 },
    { url = "https://files.pythonhosted.org/packages/5f/d6/8708d8c6fca531057fa170cdde8df870e8b6a9b136e82b361c65e42b841e/psycopg2_binary-2.9.10-cp313-cp313-musllinux_1_2_aarch64.whl", hash = "sha256:230eeae2d71594103cd5b93fd29d1ace6420d0b86f4778739cb1a5a32f607d1f", size = 2872326 },
    { url = "https://files.pythonhosted.org/packages/ce/ac/5b1ea50fc08a9df82de7e1771537557f07c2632231bbab652c7e22597908/psycopg2_binary-2.9.10-cp313-cp313-musllinux_1_2_i686.whl", hash = "sha256:bb89f0a835bcfc1d42ccd5f41f04870c1b936d8507c6df12b7737febc40f0909", size = 2822712 },
    { url = "https://files.pythonhosted.org/packages/c4/fc/504d4503b2abc4570fac3ca56eb8fed5e437bf9c9ef13f36b6621db8ef00/psycopg2_binary-2.9.10-cp313-cp313-musllinux_1_2_ppc64le.whl", hash = "sha256:f0c2d907a1e102526dd2986df638343388b94c33860ff3bbe1384130828714b1", size = 2920155 },
    { url = "https://files.pythonhosted.org/packages/b2/d1/323581e9273ad2c0dbd1902f3fb50c441da86e894b6e25a73c3fda32c57e/psycopg2_binary-2.9.10-cp313-cp313-musllinux_1_2_x86_64.whl", hash = "sha256:f8157bed2f51db683f31306aa497311b560f2265998122abe1dce6428bd86567", size = 2959356 },
    { url = "https://files.pythonhosted.org/packages/08/50/d13ea0a054189ae1bc21af1d85b6f8bb9bbc5572991055d70ad9006fe2d6/psycopg2_binary-2.9.10-cp313-cp313-win_amd64.whl", hash = "sha256:27422aa5f11fbcd9b18da48373eb67081243662f9b46e6fd07c3eb46e4535142", size = 2569224 },
]

[[package]]
name = "pygments"
version = "2.19.1"
source = { registry = "https://pypi.org/simple" }
sdist = { url = "https://files.pythonhosted.org/packages/7c/2d/c3338d48ea6cc0feb8446d8e6937e1408088a72a39937982cc6111d17f84/pygments-2.19.1.tar.gz", hash = "sha256:61c16d2a8576dc0649d9f39e089b5f02bcd27fba10d8fb4dcc28173f7a45151f", size = 4968581 }
wheels = [
    { url = "https://files.pythonhosted.org/packages/8a/0b/9fcc47d19c48b59121088dd6da2488a49d5f72dacf8262e2790a1d2c7d15/pygments-2.19.1-py3-none-any.whl", hash = "sha256:9ea1544ad55cecf4b8242fab6dd35a93bbce657034b0611ee383099054ab6d8c", size = 1225293 },
]

[[package]]
name = "pytest"
version = "8.4.0"
source = { registry = "https://pypi.org/simple" }
dependencies = [
    { name = "colorama", marker = "sys_platform == 'win32'" },
    { name = "iniconfig" },
    { name = "packaging" },
    { name = "pluggy" },
    { name = "pygments" },
]
sdist = { url = "https://files.pythonhosted.org/packages/fb/aa/405082ce2749be5398045152251ac69c0f3578c7077efc53431303af97ce/pytest-8.4.0.tar.gz", hash = "sha256:14d920b48472ea0dbf68e45b96cd1ffda4705f33307dcc86c676c1b5104838a6", size = 1515232 }
wheels = [
    { url = "https://files.pythonhosted.org/packages/2f/de/afa024cbe022b1b318a3d224125aa24939e99b4ff6f22e0ba639a2eaee47/pytest-8.4.0-py3-none-any.whl", hash = "sha256:f40f825768ad76c0977cbacdf1fd37c6f7a468e460ea6a0636078f8972d4517e", size = 363797 },
]

[[package]]
name = "python-dotenv"
version = "1.1.0"
source = { registry = "https://pypi.org/simple" }
sdist = { url = "https://files.pythonhosted.org/packages/88/2c/7bb1416c5620485aa793f2de31d3df393d3686aa8a8506d11e10e13c5baf/python_dotenv-1.1.0.tar.gz", hash = "sha256:41f90bc6f5f177fb41f53e87666db362025010eb28f60a01c9143bfa33a2b2d5", size = 39920 }
wheels = [
    { url = "https://files.pythonhosted.org/packages/1e/18/98a99ad95133c6a6e2005fe89faedf294a748bd5dc803008059409ac9b1e/python_dotenv-1.1.0-py3-none-any.whl", hash = "sha256:d7c01d9e2293916c18baf562d95698754b0dbbb5e74d457c45d4f6561fb9d55d", size = 20256 },
]

[[package]]
name = "pytz"
version = "2024.2"
source = { registry = "https://pypi.org/simple" }
sdist = { url = "https://files.pythonhosted.org/packages/3a/31/3c70bf7603cc2dca0f19bdc53b4537a797747a58875b552c8c413d963a3f/pytz-2024.2.tar.gz", hash = "sha256:2aa355083c50a0f93fa581709deac0c9ad65cca8a9e9beac660adcbd493c798a", size = 319692 }
wheels = [
    { url = "https://files.pythonhosted.org/packages/11/c3/005fcca25ce078d2cc29fd559379817424e94885510568bc1bc53d7d5846/pytz-2024.2-py2.py3-none-any.whl", hash = "sha256:31c7c1817eb7fae7ca4b8c7ee50c72f93aa2dd863de768e1ef4245d426aa0725", size = 508002 },
]

[[package]]
name = "sqlparse"
version = "0.5.3"
source = { registry = "https://pypi.org/simple" }
sdist = { url = "https://files.pythonhosted.org/packages/e5/40/edede8dd6977b0d3da179a342c198ed100dd2aba4be081861ee5911e4da4/sqlparse-0.5.3.tar.gz", hash = "sha256:09f67787f56a0b16ecdbde1bfc7f5d9c3371ca683cfeaa8e6ff60b4807ec9272", size = 84999 }
wheels = [
    { url = "https://files.pythonhosted.org/packages/a9/5c/bfd6bd0bf979426d405cc6e71eceb8701b148b16c21d2dc3c261efc61c7b/sqlparse-0.5.3-py3-none-any.whl", hash = "sha256:cf2196ed3418f3ba5de6af7e82c694a9fbdbfecccdfc72e281548517081f16ca", size = 44415 },
]

[[package]]
name = "typing-extensions"
version = "4.14.0"
source = { registry = "https://pypi.org/simple" }
sdist = { url = "https://files.pythonhosted.org/packages/d1/bc/51647cd02527e87d05cb083ccc402f93e441606ff1f01739a62c8ad09ba5/typing_extensions-4.14.0.tar.gz", hash = "sha256:8676b788e32f02ab42d9e7c61324048ae4c6d844a399eebace3d4979d75ceef4", size = 107423 }
wheels = [
    { url = "https://files.pythonhosted.org/packages/69/e0/552843e0d356fbb5256d21449fa957fa4eff3bbc135a74a691ee70c7c5da/typing_extensions-4.14.0-py3-none-any.whl", hash = "sha256:a1514509136dd0b477638fc68d6a91497af5076466ad0fa6c338e44e359944af", size = 43839 },
]

[[package]]
name = "tzdata"
version = "2025.2"
source = { registry = "https://pypi.org/simple" }
sdist = { url = "https://files.pythonhosted.org/packages/95/32/1a225d6164441be760d75c2c42e2780dc0873fe382da3e98a2e1e48361e5/tzdata-2025.2.tar.gz", hash = "sha256:b60a638fcc0daffadf82fe0f57e53d06bdec2f36c4df66280ae79bce6bd6f2b9", size = 196380 }
wheels = [
    { url = "https://files.pythonhosted.org/packages/5c/23/c7abc0ca0a1526a0774eca151daeb8de62ec457e77262b66b359c3c7679e/tzdata-2025.2-py2.py3-none-any.whl", hash = "sha256:1a403fada01ff9221ca8044d701868fa132215d84beb92242d9acd2147f667a8", size = 347839 },
]

[[package]]
name = "websocket-client"
version = "1.8.0"
source = { registry = "https://pypi.org/simple" }
sdist = { url = "https://files.pythonhosted.org/packages/e6/30/fba0d96b4b5fbf5948ed3f4681f7da2f9f64512e1d303f94b4cc174c24a5/websocket_client-1.8.0.tar.gz", hash = "sha256:3239df9f44da632f96012472805d40a23281a991027ce11d2f45a6f24ac4c3da", size = 54648 }
wheels = [
    { url = "https://files.pythonhosted.org/packages/5a/84/44687a29792a70e111c5c477230a72c4b957d88d16141199bf9acb7537a3/websocket_client-1.8.0-py3-none-any.whl", hash = "sha256:17b44cc997f5c498e809b22cdf2d9c7a9e71c02c8cc2b6c56e7c2d1239bfa526", size = 58826 },
]
